{
  "version": 1,
  "dependencies": {
    "net10.0": {
      "Microsoft.CodeAnalysis.BannedApiAnalyzers": {
        "type": "Direct",
        "requested": "[4.14.0, )",
        "resolved": "4.14.0",
        "contentHash": "gSWJlDWwmDhtbrEJGiHqvEjz9KthIiFD0qYB8zZ6a7z+xpMSPEtM9yTYELSa58iFWYlzSRqP9FXO6KoT3+ZMtg=="
      },
      "Microsoft.VisualStudio.Threading.Analyzers": {
        "type": "Direct",
        "requested": "[17.12.19, )",
        "resolved": "17.12.19",
        "contentHash": "v3IYeedjoktvZ+GqYmLudxZJngmf/YWIxNT2Uy6QMMN19cvw+nkWoip1Gr1RtnFkUo1MPUVMis4C8Kj8d8DpSQ=="
      }
    }
  }
}